
Microsoft Visual Studio Solution File, Format Version 12.00
# Visual Studio 2012
Project("{FAE04EC0-301F-11D3-BF4B-00C04F79EFBC}") = "DelegateFunkString", "DelegateFunkString\DelegateFunkString.csproj", "{0278EB46-75DF-4C14-A094-7F5733F0B891}"
EndProject
Global
	GlobalSection(SolutionConfigurationPlatforms) = preSolution
		Debug|Any CPU = Debug|Any CPU
		Release|Any CPU = Release|Any CPU
	EndGlobalSection
	GlobalSection(ProjectConfigurationPlatforms) = postSolution
		{0278EB46-75DF-4C14-A094-7F5733F0B891}.Debug|Any CPU.ActiveCfg = Debug|Any CPU
		{0278EB46-75DF-4C14-A094-7F5733F0B891}.Debug|Any CPU.Build.0 = Debug|Any CPU
		{0278EB46-75DF-4C14-A094-7F5733F0B891}.Release|Any CPU.ActiveCfg = Release|Any CPU
		{0278EB46-75DF-4C14-A094-7F5733F0B891}.Release|Any CPU.Build.0 = Release|Any CPU
	EndGlobalSection
	GlobalSection(SolutionProperties) = preSolution
		HideSolutionNode = FALSE
	EndGlobalSection
EndGlobal
