
Microsoft Visual Studio Solution File, Format Version 12.00
# Visual Studio 2012
Project("{FAE04EC0-301F-11D3-BF4B-00C04F79EFBC}") = "myOrdres", "myOrdres\myOrdres.csproj", "{AB82C63D-D8BB-46C4-839E-3EA74DAB4E54}"
EndProject
Global
	GlobalSection(SolutionConfigurationPlatforms) = preSolution
		Debug|Any CPU = Debug|Any CPU
		Release|Any CPU = Release|Any CPU
	EndGlobalSection
	GlobalSection(ProjectConfigurationPlatforms) = postSolution
		{AB82C63D-D8BB-46C4-839E-3EA74DAB4E54}.Debug|Any CPU.ActiveCfg = Debug|Any CPU
		{AB82C63D-D8BB-46C4-839E-3EA74DAB4E54}.Debug|Any CPU.Build.0 = Debug|Any CPU
		{AB82C63D-D8BB-46C4-839E-3EA74DAB4E54}.Release|Any CPU.ActiveCfg = Release|Any CPU
		{AB82C63D-D8BB-46C4-839E-3EA74DAB4E54}.Release|Any CPU.Build.0 = Release|Any CPU
	EndGlobalSection
	GlobalSection(SolutionProperties) = preSolution
		HideSolutionNode = FALSE
	EndGlobalSection
EndGlobal
